# THIS IS AN AUTOGENERATED FILE. DO NOT EDIT THIS FILE DIRECTLY.
# yarn lockfile v1


async-validator@~1.8.1:
  version "1.8.5"
  resolved "https://registry.npmmirror.com/async-validator/-/async-validator-1.8.5.tgz#dc3e08ec1fd0dddb67e60842f02c0cd1cec6d7f0"
  integrity sha512-tXBM+1m056MAX0E8TL2iCjg8WvSyXu0Zc8LNtYqrVeyoL3+esHRZ4SieE9fKQyyU09uONjnMEjrNBMqT0mbvmA==
  dependencies:
    babel-runtime "6.x"

babel-helper-vue-jsx-merge-props@^2.0.0:
  version "2.0.3"
  resolved "https://registry.npmmirror.com/babel-helper-vue-jsx-merge-props/-/babel-helper-vue-jsx-merge-props-2.0.3.tgz#22aebd3b33902328e513293a8e4992b384f9f1b6"
  integrity sha512-gsLiKK7Qrb7zYJNgiXKpXblxbV5ffSwR0f5whkPAaBAR4fhi6bwRZxX9wBlIc5M/v8CCkXUbXZL4N/nSE97cqg==

babel-runtime@6.x:
  version "6.26.0"
  resolved "https://registry.npmmirror.com/babel-runtime/-/babel-runtime-6.26.0.tgz#965c7058668e82b55d7bfe04ff2337bc8b5647fe"
  integrity sha512-ITKNuq2wKlW1fJg9sSW52eepoYgZBggvOAHC0u/CYu/qxQ9EVzThCgR69BnSXLHjy2f7SY5zaQ4yt7H9ZVxY2g==
  dependencies:
    core-js "^2.4.0"
    regenerator-runtime "^0.11.0"

core-js@^2.4.0:
  version "2.6.12"
  resolved "https://registry.npmmirror.com/core-js/-/core-js-2.6.12.tgz#d9333dfa7b065e347cc5682219d6f690859cc2ec"
  integrity sha512-Kb2wC0fvsWfQrgk8HU5lW6U/Lcs8+9aaYcy4ZFc6DDlo4nZ7n70dEgE5rtR0oG6ufKDUnrwfWL1mXR5ljDatrQ==

dayjs@^1.11.2:
  version "1.11.2"
  resolved "https://registry.npmmirror.com/dayjs/-/dayjs-1.11.2.tgz#fa0f5223ef0d6724b3d8327134890cfe3d72fbe5"
  integrity sha512-F4LXf1OeU9hrSYRPTTj/6FbO4HTjPKXvEIC1P2kcnFurViINCVk3ZV0xAS3XVx9MkMsXbbqlK6hjseaYbgKEHw==

decode-uri-component@^0.2.0:
  version "0.2.0"
  resolved "https://registry.npmmirror.com/decode-uri-component/-/decode-uri-component-0.2.0.tgz#eb3913333458775cb84cd1a1fae062106bb87545"
  integrity sha512-hjf+xovcEn31w/EUYdTXQh/8smFL/dzYjohQGEIgjyNavaJfBY2p5F527Bo1VPATxv0VYTUC2bOcXvqFwk78Og==

deepmerge@^1.2.0:
  version "1.5.2"
  resolved "https://registry.npmmirror.com/deepmerge/-/deepmerge-1.5.2.tgz#10499d868844cdad4fee0842df8c7f6f0c95a753"
  integrity sha512-95k0GDqvBjZavkuvzx/YqVLv/6YYa17fz6ILMSf7neqQITCPbnfEnQvEgMPNjH4kgobe7+WIL0yJEHku+H3qtQ==

echarts@^5.3.2:
  version "5.3.2"
  resolved "https://registry.npmmirror.com/echarts/-/echarts-5.3.2.tgz#0a7b3be8c48a48b2e7cb1b82121df0c208d42d2c"
  integrity sha512-LWCt7ohOKdJqyiBJ0OGBmE9szLdfA9sGcsMEi+GGoc6+Xo75C+BkcT/6NNGRHAWtnQl2fNow05AQjznpap28TQ==
  dependencies:
    tslib "2.3.0"
    zrender "5.3.1"

element-ui@2.15.5:
  version "2.15.5"
  resolved "https://registry.npmmirror.com/element-ui/-/element-ui-2.15.5.tgz#dfb376dc5cd60adab21c991bd4fac3e67e5300f4"
  integrity sha512-B/YCdz2aRY2WnFXzbTRTHPKZHBD/2KV6u88EBnkaARC/Lyxnap+7vpvrcW5UNTyVwjItS5Fj1eQyRy6236lbXg==
  dependencies:
    async-validator "~1.8.1"
    babel-helper-vue-jsx-merge-props "^2.0.0"
    deepmerge "^1.2.0"
    normalize-wheel "^1.0.1"
    resize-observer-polyfill "^1.5.0"
    throttle-debounce "^1.0.1"

filter-obj@^1.1.0:
  version "1.1.0"
  resolved "https://registry.npmmirror.com/filter-obj/-/filter-obj-1.1.0.tgz#9b311112bc6c6127a16e016c6c5d7f19e0805c5b"
  integrity sha512-8rXg1ZnX7xzy2NGDVkBVaAy+lSlPNwad13BtgSlLuxfIslyt5Vg64U7tFcCt4WS1R0hvtnQybT/IyCkGZ3DpXQ==

fuse.js@3.4.4:
  version "3.4.4"
  resolved "https://registry.npmmirror.com/fuse.js/-/fuse.js-3.4.4.tgz#f98f55fcb3b595cf6a3e629c5ffaf10982103e95"
  integrity sha512-pyLQo/1oR5Ywf+a/tY8z4JygnIglmRxVUOiyFAbd11o9keUDpUJSMGRWJngcnkURj30kDHPmhoKY8ChJiz3EpQ==

js-cookie@^2.2.1:
  version "2.2.1"
  resolved "https://registry.npmmirror.com/js-cookie/-/js-cookie-2.2.1.tgz#69e106dc5d5806894562902aa5baec3744e9b2b8"
  integrity sha512-HvdH2LzI/EAZcUwA8+0nKNtWHqS+ZmijLA30RwZA0bo7ToCckjK5MkGhjED9KoRcXO6BaGI3I9UIzSA1FKFPOQ==

jsencrypt@3.0.0-rc.1:
  version "3.0.0-rc.1"
  resolved "https://registry.npmmirror.com/jsencrypt/-/jsencrypt-3.0.0-rc.1.tgz#0e0a4744ba43cc557fb5cf62fe8646bceb561b1c"
  integrity sha512-gcvGaqerlUJy1Kq6tNgPYteVEoWNemu+9hBe2CdsCIz4rVcwjoTQ72iD1W76/PRMlnkzG0yVh7nwOOMOOUfKmg==

normalize-wheel@^1.0.1:
  version "1.0.1"
  resolved "https://registry.npmmirror.com/normalize-wheel/-/normalize-wheel-1.0.1.tgz#aec886affdb045070d856447df62ecf86146ec45"
  integrity sha512-1OnlAPZ3zgrk8B91HyRj+eVv+kS5u+Z0SCsak6Xil/kmgEia50ga7zfkumayonZrImffAxPU/5WcyGhzetHNPA==

normalize.css@^8.0.1:
  version "8.0.1"
  resolved "https://registry.npmmirror.com/normalize.css/-/normalize.css-8.0.1.tgz#9b98a208738b9cc2634caacbc42d131c97487bf3"
  integrity sha512-qizSNPO93t1YUuUhP22btGOo3chcvDFqFaj2TRybP0DMxkHOCTYwp3n34fel4a31ORXy4m1Xq0Gyqpb5m33qIg==

nprogress@^0.2.0:
  version "0.2.0"
  resolved "https://registry.npmmirror.com/nprogress/-/nprogress-0.2.0.tgz#cb8f34c53213d895723fcbab907e9422adbcafb1"
  integrity sha512-I19aIingLgR1fmhftnbWWO3dXc0hSxqHQHQb3H8m+K3TnEn/iSeTZZOyvKXWqQESMwuUVnatlCnZdLBZZt2VSA==

query-string@^6.12.1:
  version "6.14.1"
  resolved "https://registry.npmmirror.com/query-string/-/query-string-6.14.1.tgz#7ac2dca46da7f309449ba0f86b1fd28255b0c86a"
  integrity sha512-XDxAeVmpfu1/6IjyT/gXHOl+S0vQ9owggJ30hhWKdHAsNPOcasn5o9BW0eejZqL2e4vMjhAxoW3jVHcD6mbcYw==
  dependencies:
    decode-uri-component "^0.2.0"
    filter-obj "^1.1.0"
    split-on-first "^1.0.0"
    strict-uri-encode "^2.0.0"

regenerator-runtime@^0.11.0:
  version "0.11.1"
  resolved "https://registry.npmmirror.com/regenerator-runtime/-/regenerator-runtime-0.11.1.tgz#be05ad7f9bf7d22e056f9726cee5017fbf19e2e9"
  integrity sha512-MguG95oij0fC3QV3URf4V2SDYGJhJnJGqvIIgdECeODCT98wSWDAJ94SSuVpYQUoTcGUIL6L4yNB7j1DFFHSBg==

resize-observer-polyfill@^1.5.0:
  version "1.5.1"
  resolved "https://registry.npmmirror.com/resize-observer-polyfill/-/resize-observer-polyfill-1.5.1.tgz#0e9020dd3d21024458d4ebd27e23e40269810464"
  integrity sha512-LwZrotdHOo12nQuZlHEmtuXdqGoOD0OhaxopaNFxWzInpEgaLWoVuAMbTzixuosCx2nEG58ngzW3vxdWoxIgdg==

screenfull@4.2.0:
  version "4.2.0"
  resolved "https://registry.npmmirror.com/screenfull/-/screenfull-4.2.0.tgz#d5252a5a0f56504719abbed9ebbcd9208115da03"
  integrity sha512-qpyI9XbwuMJElWRP5vTgxkFAl4k7HpyhIqBFOZEwX9QBXn0MAuRSpn7LOc6/4CeSwoz61oBu1VPV+2fbIWC+5Q==

split-on-first@^1.0.0:
  version "1.1.0"
  resolved "https://registry.npmmirror.com/split-on-first/-/split-on-first-1.1.0.tgz#f610afeee3b12bce1d0c30425e76398b78249a5f"
  integrity sha512-43ZssAJaMusuKWL8sKUBQXHWOpq8d6CfN/u1p4gUzfJkM05C8rxTmYrkIPTXapZpORA6LkkzcUulJ8FqA7Uudw==

strict-uri-encode@^2.0.0:
  version "2.0.0"
  resolved "https://registry.npmmirror.com/strict-uri-encode/-/strict-uri-encode-2.0.0.tgz#b9c7330c7042862f6b142dc274bbcc5866ce3546"
  integrity sha512-QwiXZgpRcKkhTj2Scnn++4PKtWsH0kpzZ62L2R6c/LUVYv7hVnZqcg2+sMuT6R7Jusu1vviK/MFsu6kNJfWlEQ==

throttle-debounce@^1.0.1:
  version "1.1.0"
  resolved "https://registry.npmmirror.com/throttle-debounce/-/throttle-debounce-1.1.0.tgz#51853da37be68a155cb6e827b3514a3c422e89cd"
  integrity sha512-XH8UiPCQcWNuk2LYePibW/4qL97+ZQ1AN3FNXwZRBNPPowo/NRU5fAlDCSNBJIYCKbioZfuYtMhG4quqoJhVzg==

tslib@2.3.0:
  version "2.3.0"
  resolved "https://registry.npmmirror.com/tslib/-/tslib-2.3.0.tgz#803b8cdab3e12ba581a4ca41c8839bbb0dacb09e"
  integrity sha512-N82ooyxVNm6h1riLCoyS9e3fuJ3AMG2zIZs2Gd1ATcSFjSA23Q0fzjjZeh0jbJvWVDZ0cJT8yaNNaaXHzueNjg==

uni-simple-router@^1.5.3:
  version "1.5.5"
  resolved "https://registry.npmmirror.com/uni-simple-router/-/uni-simple-router-1.5.5.tgz#598f4adbece98372f7cfeb3b8a627089b4203899"
  integrity sha512-VjBnwhvmWYHVNsj2zcPjYBwb9TqG7miR87qLBBLI4gHOnJVYmCyjZK/bj06f9slvTMbWXrze7LJ9/Hi/8DB0ag==
  dependencies:
    query-string "^6.12.1"

zrender@5.3.1:
  version "5.3.1"
  resolved "https://registry.npmmirror.com/zrender/-/zrender-5.3.1.tgz#fa8e63ac7e719cfd563831fe8c42a9756c5af384"
  integrity sha512-7olqIjy0gWfznKr6vgfnGBk7y4UtdMvdwFmK92vVQsQeDPyzkHW1OlrLEKg6GHz1W5ePf0FeN1q2vkl/HFqhXw==
  dependencies:
    tslib "2.3.0"
